{
  "name": "frontend_app",
  "version": "1.0.0",
  "lockfileVersion": 3,
  "requires": true,
  "packages": {
    "": {
      "name": "frontend_app",
      "version": "1.0.0",
      "hasInstallScript": true,
      "license": "ISC",
      "dependencies": {
        "frappe-client": "^2.0.2"
      }
    },
    "node_modules/frappe-client": {
      "version": "2.0.2",
      "resolved": "https://registry.npmjs.org/frappe-client/-/frappe-client-2.0.2.tgz",
      "integrity": "sha512-nkKBdYE/tkfBBuLzpYleudiN/7gudr6SV2p2iG0Tn/qDRQiL/3JDJePeS4dgH8ljtG3pIQiWPpSi3l8CZCzrnw==",
      "license": "MIT"
    }
  }
}
